// !$*UTF8*$!
{
	archiveVersion = 1;
	classes = {
	};
	objectVersion = 46;
	objects = {

/* Begin PBXBuildFile section */
		005B757FF195BA16643FB457 /* Pods_Social_Network.framework in Frameworks */ = {isa = PBXBuildFile; fileRef = B283010B20E608BB53345177 /* Pods_Social_Network.framework */; };
		085B3EE71DF32BF20043DD59 /* Constants.swift in Sources */ = {isa = PBXBuildFile; fileRef = 085B3EE61DF32BF20043DD59 /* Constants.swift */; };
		085B3EE91DF32CC70043DD59 /* FancyView.swift in Sources */ = {isa = PBXBuildFile; fileRef = 085B3EE81DF32CC70043DD59 /* FancyView.swift */; };
		085B3EEB1DF32E330043DD59 /* FancyBtn.swift in Sources */ = {isa = PBXBuildFile; fileRef = 085B3EEA1DF32E330043DD59 /* FancyBtn.swift */; };
		085B3EED1DF3310F0043DD59 /* FancyText.swift in Sources */ = {isa = PBXBuildFile; fileRef = 085B3EEC1DF3310F0043DD59 /* FancyText.swift */; };
		085B3EEF1DF332CE0043DD59 /* FancySignBtn.swift in Sources */ = {isa = PBXBuildFile; fileRef = 085B3EEE1DF332CE0043DD59 /* FancySignBtn.swift */; };
		08A535271DF192DB005BF270 /* AppDelegate.swift in Sources */ = {isa = PBXBuildFile; fileRef = 08A535261DF192DB005BF270 /* AppDelegate.swift */; };
		08A535291DF192DB005BF270 /* SignInVC.swift in Sources */ = {isa = PBXBuildFile; fileRef = 08A535281DF192DB005BF270 /* SignInVC.swift */; };
		08A5352C1DF192DB005BF270 /* Main.storyboard in Resources */ = {isa = PBXBuildFile; fileRef = 08A5352A1DF192DB005BF270 /* Main.storyboard */; };
		08A5352E1DF192DB005BF270 /* Assets.xcassets in Resources */ = {isa = PBXBuildFile; fileRef = 08A5352D1DF192DB005BF270 /* Assets.xcassets */; };
		08A535311DF192DB005BF270 /* LaunchScreen.storyboard in Resources */ = {isa = PBXBuildFile; fileRef = 08A5352F1DF192DB005BF270 /* LaunchScreen.storyboard */; };
		08A535391DF1933B005BF270 /* GoogleService-Info.plist in Resources */ = {isa = PBXBuildFile; fileRef = 08A535381DF1933B005BF270 /* GoogleService-Info.plist */; };
/* End PBXBuildFile section */

/* Begin PBXFileReference section */
		085B3EE61DF32BF20043DD59 /* Constants.swift */ = {isa = PBXFileReference; fileEncoding = 4; lastKnownFileType = sourcecode.swift; path = Constants.swift; sourceTree = "<group>"; };
		085B3EE81DF32CC70043DD59 /* FancyView.swift */ = {isa = PBXFileReference; fileEncoding = 4; lastKnownFileType = sourcecode.swift; path = FancyView.swift; sourceTree = "<group>"; };
		085B3EEA1DF32E330043DD59 /* FancyBtn.swift */ = {isa = PBXFileReference; fileEncoding = 4; lastKnownFileType = sourcecode.swift; path = FancyBtn.swift; sourceTree = "<group>"; };
		085B3EEC1DF3310F0043DD59 /* FancyText.swift */ = {isa = PBXFileReference; fileEncoding = 4; lastKnownFileType = sourcecode.swift; path = FancyText.swift; sourceTree = "<group>"; };
		085B3EEE1DF332CE0043DD59 /* FancySignBtn.swift */ = {isa = PBXFileReference; fileEncoding = 4; lastKnownFileType = sourcecode.swift; path = FancySignBtn.swift; sourceTree = "<group>"; };
		08A535231DF192DB005BF270 /* Social Network.app */ = {isa = PBXFileReference; explicitFileType = wrapper.application; includeInIndex = 0; path = "Social Network.app"; sourceTree = BUILT_PRODUCTS_DIR; };
		08A535261DF192DB005BF270 /* AppDelegate.swift */ = {isa = PBXFileReference; lastKnownFileType = sourcecode.swift; path = AppDelegate.swift; sourceTree = "<group>"; };
		08A535281DF192DB005BF270 /* SignInVC.swift */ = {isa = PBXFileReference; lastKnownFileType = sourcecode.swift; path = SignInVC.swift; sourceTree = "<group>"; };
		08A5352B1DF192DB005BF270 /* Base */ = {isa = PBXFileReference; lastKnownFileType = file.storyboard; name = Base; path = Base.lproj/Main.storyboard; sourceTree = "<group>"; };
		08A5352D1DF192DB005BF270 /* Assets.xcassets */ = {isa = PBXFileReference; lastKnownFileType = folder.assetcatalog; path = Assets.xcassets; sourceTree = "<group>"; };
		08A535301DF192DB005BF270 /* Base */ = {isa = PBXFileReference; lastKnownFileType = file.storyboard; name = Base; path = Base.lproj/LaunchScreen.storyboard; sourceTree = "<group>"; };
		08A535321DF192DB005BF270 /* Info.plist */ = {isa = PBXFileReference; lastKnownFileType = text.plist.xml; path = Info.plist; sourceTree = "<group>"; };
		08A535381DF1933B005BF270 /* GoogleService-Info.plist */ = {isa = PBXFileReference; fileEncoding = 4; lastKnownFileType = text.plist.xml; path = "GoogleService-Info.plist"; sourceTree = "<group>"; };
		6E832A6EBB18533A91D2F474 /* Pods-Social Network.release.xcconfig */ = {isa = PBXFileReference; includeInIndex = 1; lastKnownFileType = text.xcconfig; name = "Pods-Social Network.release.xcconfig"; path = "Pods/Target Support Files/Pods-Social Network/Pods-Social Network.release.xcconfig"; sourceTree = "<group>"; };
		AAB0501E7B0956C653A60D07 /* Pods-Social Network.debug.xcconfig */ = {isa = PBXFileReference; includeInIndex = 1; lastKnownFileType = text.xcconfig; name = "Pods-Social Network.debug.xcconfig"; path = "Pods/Target Support Files/Pods-Social Network/Pods-Social Network.debug.xcconfig"; sourceTree = "<group>"; };
		B283010B20E608BB53345177 /* Pods_Social_Network.framework */ = {isa = PBXFileReference; explicitFileType = wrapper.framework; includeInIndex = 0; path = Pods_Social_Network.framework; sourceTree = BUILT_PRODUCTS_DIR; };
/* End PBXFileReference section */

/* Begin PBXFrameworksBuildPhase section */
		08A535201DF192DB005BF270 /* Frameworks */ = {
			isa = PBXFrameworksBuildPhase;
			buildActionMask = 2147483647;
			files = (
				005B757FF195BA16643FB457 /* Pods_Social_Network.framework in Frameworks */,
			);
			runOnlyForDeploymentPostprocessing = 0;
		};
/* End PBXFrameworksBuildPhase section */

/* Begin PBXGroup section */
		085B3EE51DF32BD80043DD59 /* Util */ = {
			isa = PBXGroup;
			children = (
				085B3EE61DF32BF20043DD59 /* Constants.swift */,
			);
			name = Util;
			sourceTree = "<group>";
		};
		0866E35E1DF1ADA200D63934 /* Model */ = {
			isa = PBXGroup;
			children = (
			);
			name = Model;
			sourceTree = "<group>";
		};
		0866E35F1DF1ADA800D63934 /* View */ = {
			isa = PBXGroup;
			children = (
				085B3EE81DF32CC70043DD59 /* FancyView.swift */,
				085B3EEA1DF32E330043DD59 /* FancyBtn.swift */,
				085B3EEC1DF3310F0043DD59 /* FancyText.swift */,
				085B3EEE1DF332CE0043DD59 /* FancySignBtn.swift */,
			);
			name = View;
			sourceTree = "<group>";
		};
		0866E3601DF1ADAE00D63934 /* Controller */ = {
			isa = PBXGroup;
			children = (
				08A535281DF192DB005BF270 /* SignInVC.swift */,
			);
			name = Controller;
			sourceTree = "<group>";
		};
		08A5351A1DF192DB005BF270 = {
			isa = PBXGroup;
			children = (
				08A535251DF192DB005BF270 /* Social Network */,
				08A535241DF192DB005BF270 /* Products */,
				8BF44A4AB5285D0956C564FA /* Pods */,
				BBDCA9E14C16E1D6EE6E2C09 /* Frameworks */,
			);
			sourceTree = "<group>";
		};
		08A535241DF192DB005BF270 /* Products */ = {
			isa = PBXGroup;
			children = (
				08A535231DF192DB005BF270 /* Social Network.app */,
			);
			name = Products;
			sourceTree = "<group>";
		};
		08A535251DF192DB005BF270 /* Social Network */ = {
			isa = PBXGroup;
			children = (
				085B3EE51DF32BD80043DD59 /* Util */,
				0866E35E1DF1ADA200D63934 /* Model */,
				0866E3601DF1ADAE00D63934 /* Controller */,
				0866E35F1DF1ADA800D63934 /* View */,
				08A5352A1DF192DB005BF270 /* Main.storyboard */,
				08A535261DF192DB005BF270 /* AppDelegate.swift */,
				08A5352D1DF192DB005BF270 /* Assets.xcassets */,
				08A5352F1DF192DB005BF270 /* LaunchScreen.storyboard */,
				08A535321DF192DB005BF270 /* Info.plist */,
				08A535381DF1933B005BF270 /* GoogleService-Info.plist */,
			);
			path = "Social Network";
			sourceTree = "<group>";
		};
		8BF44A4AB5285D0956C564FA /* Pods */ = {
			isa = PBXGroup;
			children = (
				AAB0501E7B0956C653A60D07 /* Pods-Social Network.debug.xcconfig */,
				6E832A6EBB18533A91D2F474 /* Pods-Social Network.release.xcconfig */,
			);
			name = Pods;
			sourceTree = "<group>";
		};
		BBDCA9E14C16E1D6EE6E2C09 /* Frameworks */ = {
			isa = PBXGroup;
			children = (
				B283010B20E608BB53345177 /* Pods_Social_Network.framework */,
			);
			name = Frameworks;
			sourceTree = "<group>";
		};
/* End PBXGroup section */

/* Begin PBXNativeTarget section */
		08A535221DF192DB005BF270 /* Social Network */ = {
			isa = PBXNativeTarget;
			buildConfigurationList = 08A535351DF192DB005BF270 /* Build configuration list for PBXNativeTarget "Social Network" */;
			buildPhases = (
				7129F87F2E649B9606257D17 /* [CP] Check Pods Manifest.lock */,
				08A5351F1DF192DB005BF270 /* Sources */,
				08A535201DF192DB005BF270 /* Frameworks */,
				08A535211DF192DB005BF270 /* Resources */,
				FCCD89E467F7F91B391674CA /* [CP] Embed Pods Frameworks */,
				ED403AB2F987528E7E39EB1D /* [CP] Copy Pods Resources */,
			);
			buildRules = (
			);
			dependencies = (
			);
			name = "Social Network";
			productName = "Social Network";
			productReference = 08A535231DF192DB005BF270 /* Social Network.app */;
			productType = "com.apple.product-type.application";
		};
/* End PBXNativeTarget section */

/* Begin PBXProject section */
		08A5351B1DF192DB005BF270 /* Project object */ = {
			isa = PBXProject;
			attributes = {
				LastSwiftUpdateCheck = 0810;
				LastUpgradeCheck = 0810;
				ORGANIZATIONNAME = "Levon Tikoyan";
				TargetAttributes = {
					08A535221DF192DB005BF270 = {
						CreatedOnToolsVersion = 8.1;
						DevelopmentTeam = GUWR2S9U56;
						ProvisioningStyle = Automatic;
					};
				};
			};
			buildConfigurationList = 08A5351E1DF192DB005BF270 /* Build configuration list for PBXProject "Social Network" */;
			compatibilityVersion = "Xcode 3.2";
			developmentRegion = English;
			hasScannedForEncodings = 0;
			knownRegions = (
				en,
				Base,
			);
			mainGroup = 08A5351A1DF192DB005BF270;
			productRefGroup = 08A535241DF192DB005BF270 /* Products */;
			projectDirPath = "";
			projectRoot = "";
			targets = (
				08A535221DF192DB005BF270 /* Social Network */,
			);
		};
/* End PBXProject section */

/* Begin PBXResourcesBuildPhase section */
		08A535211DF192DB005BF270 /* Resources */ = {
			isa = PBXResourcesBuildPhase;
			buildActionMask = 2147483647;
			files = (
				08A535311DF192DB005BF270 /* LaunchScreen.storyboard in Resources */,
				08A535391DF1933B005BF270 /* GoogleService-Info.plist in Resources */,
				08A5352E1DF192DB005BF270 /* Assets.xcassets in Resources */,
				08A5352C1DF192DB005BF270 /* Main.storyboard in Resources */,
			);
			runOnlyForDeploymentPostprocessing = 0;
		};
/* End PBXResourcesBuildPhase section */

/* Begin PBXShellScriptBuildPhase section */
		7129F87F2E649B9606257D17 /* [CP] Check Pods Manifest.lock */ = {
			isa = PBXShellScriptBuildPhase;
			buildActionMask = 2147483647;
			files = (
			);
			inputPaths = (
			);
			name = "[CP] Check Pods Manifest.lock";
			outputPaths = (
			);
			runOnlyForDeploymentPostprocessing = 0;
			shellPath = /bin/sh;
			shellScript = "diff \"${PODS_ROOT}/../Podfile.lock\" \"${PODS_ROOT}/Manifest.lock\" > /dev/null\nif [ $? != 0 ] ; then\n    # print error to STDERR\n    echo \"error: The sandbox is not in sync with the Podfile.lock. Run 'pod install' or update your CocoaPods installation.\" >&2\n    exit 1\nfi\n";
			showEnvVarsInLog = 0;
		};
		ED403AB2F987528E7E39EB1D /* [CP] Copy Pods Resources */ = {
			isa = PBXShellScriptBuildPhase;
			buildActionMask = 2147483647;
			files = (
			);
			inputPaths = (
			);
			name = "[CP] Copy Pods Resources";
			outputPaths = (
			);
			runOnlyForDeploymentPostprocessing = 0;
			shellPath = /bin/sh;
			shellScript = "\"${SRCROOT}/Pods/Target Support Files/Pods-Social Network/Pods-Social Network-resources.sh\"\n";
			showEnvVarsInLog = 0;
		};
		FCCD89E467F7F91B391674CA /* [CP] Embed Pods Frameworks */ = {
			isa = PBXShellScriptBuildPhase;
			buildActionMask = 2147483647;
			files = (
			);
			inputPaths = (
			);
			name = "[CP] Embed Pods Frameworks";
			outputPaths = (
			);
			runOnlyForDeploymentPostprocessing = 0;
			shellPath = /bin/sh;
			shellScript = "\"${SRCROOT}/Pods/Target Support Files/Pods-Social Network/Pods-Social Network-frameworks.sh\"\n";
			showEnvVarsInLog = 0;
		};
/* End PBXShellScriptBuildPhase section */

/* Begin PBXSourcesBuildPhase section */
		08A5351F1DF192DB005BF270 /* Sources */ = {
			isa = PBXSourcesBuildPhase;
			buildActionMask = 2147483647;
			files = (
				085B3EEB1DF32E330043DD59 /* FancyBtn.swift in Sources */,
				08A535291DF192DB005BF270 /* SignInVC.swift in Sources */,
				08A535271DF192DB005BF270 /* AppDelegate.swift in Sources */,
				085B3EEF1DF332CE0043DD59 /* FancySignBtn.swift in Sources */,
				085B3EE91DF32CC70043DD59 /* FancyView.swift in Sources */,
				085B3EED1DF3310F0043DD59 /* FancyText.swift in Sources */,
				085B3EE71DF32BF20043DD59 /* Constants.swift in Sources */,
			);
			runOnlyForDeploymentPostprocessing = 0;
		};
/* End PBXSourcesBuildPhase section */

/* Begin PBXVariantGroup section */
		08A5352A1DF192DB005BF270 /* Main.storyboard */ = {
			isa = PBXVariantGroup;
			children = (
				08A5352B1DF192DB005BF270 /* Base */,
			);
			name = Main.storyboard;
			sourceTree = "<group>";
		};
		08A5352F1DF192DB005BF270 /* LaunchScreen.storyboard */ = {
			isa = PBXVariantGroup;
			children = (
				08A535301DF192DB005BF270 /* Base */,
			);
			name = LaunchScreen.storyboard;
			sourceTree = "<group>";
		};
/* End PBXVariantGroup section */

/* Begin XCBuildConfiguration section */
		08A535331DF192DB005BF270 /* Debug */ = {
			isa = XCBuildConfiguration;
			buildSettings = {
				ALWAYS_SEARCH_USER_PATHS = NO;
				CLANG_ANALYZER_NONNULL = YES;
				CLANG_CXX_LANGUAGE_STANDARD = "gnu++0x";
				CLANG_CXX_LIBRARY = "libc++";
				CLANG_ENABLE_MODULES = YES;
				CLANG_ENABLE_OBJC_ARC = YES;
				CLANG_WARN_BOOL_CONVERSION = YES;
				CLANG_WARN_CONSTANT_CONVERSION = YES;
				CLANG_WARN_DIRECT_OBJC_ISA_USAGE = YES_ERROR;
				CLANG_WARN_DOCUMENTATION_COMMENTS = YES;
				CLANG_WARN_EMPTY_BODY = YES;
				CLANG_WARN_ENUM_CONVERSION = YES;
				CLANG_WARN_INFINITE_RECURSION = YES;
				CLANG_WARN_INT_CONVERSION = YES;
				CLANG_WARN_OBJC_ROOT_CLASS = YES_ERROR;
				CLANG_WARN_SUSPICIOUS_MOVES = YES;
				CLANG_WARN_UNREACHABLE_CODE = YES;
				CLANG_WARN__DUPLICATE_METHOD_MATCH = YES;
				"CODE_SIGN_IDENTITY[sdk=iphoneos*]" = "iPhone Developer";
				COPY_PHASE_STRIP = NO;
				DEBUG_INFORMATION_FORMAT = dwarf;
				ENABLE_STRICT_OBJC_MSGSEND = YES;
				ENABLE_TESTABILITY = YES;
				GCC_C_LANGUAGE_STANDARD = gnu99;
				GCC_DYNAMIC_NO_PIC = NO;
				GCC_NO_COMMON_BLOCKS = YES;
				GCC_OPTIMIZATION_LEVEL = 0;
				GCC_PREPROCESSOR_DEFINITIONS = (
					"DEBUG=1",
					"$(inherited)",
				);
				GCC_WARN_64_TO_32_BIT_CONVERSION = YES;
				GCC_WARN_ABOUT_RETURN_TYPE = YES_ERROR;
				GCC_WARN_UNDECLARED_SELECTOR = YES;
				GCC_WARN_UNINITIALIZED_AUTOS = YES_AGGRESSIVE;
				GCC_WARN_UNUSED_FUNCTION = YES;
				GCC_WARN_UNUSED_VARIABLE = YES;
				IPHONEOS_DEPLOYMENT_TARGET = 10.1;
				MTL_ENABLE_DEBUG_INFO = YES;
				ONLY_ACTIVE_ARCH = YES;
				SDKROOT = iphoneos;
				SWIFT_ACTIVE_COMPILATION_CONDITIONS = DEBUG;
				SWIFT_OPTIMIZATION_LEVEL = "-Onone";
			};
			name = Debug;
		};
		08A535341DF192DB005BF270 /* Release */ = {
			isa = XCBuildConfiguration;
			buildSettings = {
				ALWAYS_SEARCH_USER_PATHS = NO;
				CLANG_ANALYZER_NONNULL = YES;
				CLANG_CXX_LANGUAGE_STANDARD = "gnu++0x";
				CLANG_CXX_LIBRARY = "libc++";
				CLANG_ENABLE_MODULES = YES;
				CLANG_ENABLE_OBJC_ARC = YES;
				CLANG_WARN_BOOL_CONVERSION = YES;
				CLANG_WARN_CONSTANT_CONVERSION = YES;
				CLANG_WARN_DIRECT_OBJC_ISA_USAGE = YES_ERROR;
				CLANG_WARN_DOCUMENTATION_COMMENTS = YES;
				CLANG_WARN_EMPTY_BODY = YES;
				CLANG_WARN_ENUM_CONVERSION = YES;
				CLANG_WARN_INFINITE_RECURSION = YES;
				CLANG_WARN_INT_CONVERSION = YES;
				CLANG_WARN_OBJC_ROOT_CLASS = YES_ERROR;
				CLANG_WARN_SUSPICIOUS_MOVES = YES;
				CLANG_WARN_UNREACHABLE_CODE = YES;
				CLANG_WARN__DUPLICATE_METHOD_MATCH = YES;
				"CODE_SIGN_IDENTITY[sdk=iphoneos*]" = "iPhone Developer";
				COPY_PHASE_STRIP = NO;
				DEBUG_INFORMATION_FORMAT = "dwarf-with-dsym";
				ENABLE_NS_ASSERTIONS = NO;
				ENABLE_STRICT_OBJC_MSGSEND = YES;
				GCC_C_LANGUAGE_STANDARD = gnu99;
				GCC_NO_COMMON_BLOCKS = YES;
				GCC_WARN_64_TO_32_BIT_CONVERSION = YES;
				GCC_WARN_ABOUT_RETURN_TYPE = YES_ERROR;
				GCC_WARN_UNDECLARED_SELECTOR = YES;
				GCC_WARN_UNINITIALIZED_AUTOS = YES_AGGRESSIVE;
				GCC_WARN_UNUSED_FUNCTION = YES;
				GCC_WARN_UNUSED_VARIABLE = YES;
				IPHONEOS_DEPLOYMENT_TARGET = 10.1;
				MTL_ENABLE_DEBUG_INFO = NO;
				SDKROOT = iphoneos;
				SWIFT_OPTIMIZATION_LEVEL = "-Owholemodule";
				VALIDATE_PRODUCT = YES;
			};
			name = Release;
		};
		08A535361DF192DB005BF270 /* Debug */ = {
			isa = XCBuildConfiguration;
			baseConfigurationReference = AAB0501E7B0956C653A60D07 /* Pods-Social Network.debug.xcconfig */;
			buildSettings = {
				ASSETCATALOG_COMPILER_APPICON_NAME = AppIcon;
				DEVELOPMENT_TEAM = GUWR2S9U56;
				INFOPLIST_FILE = "Social Network/Info.plist";
				LD_RUNPATH_SEARCH_PATHS = "$(inherited) @executable_path/Frameworks";
				PRODUCT_BUNDLE_IDENTIFIER = "VRstatus.Social-Network";
				PRODUCT_NAME = "$(TARGET_NAME)";
				SWIFT_VERSION = 3.0;
			};
			name = Debug;
		};
		08A535371DF192DB005BF270 /* Release */ = {
			isa = XCBuildConfiguration;
			baseConfigurationReference = 6E832A6EBB18533A91D2F474 /* Pods-Social Network.release.xcconfig */;
			buildSettings = {
				ASSETCATALOG_COMPILER_APPICON_NAME = AppIcon;
				DEVELOPMENT_TEAM = GUWR2S9U56;
				INFOPLIST_FILE = "Social Network/Info.plist";
				LD_RUNPATH_SEARCH_PATHS = "$(inherited) @executable_path/Frameworks";
				PRODUCT_BUNDLE_IDENTIFIER = "VRstatus.Social-Network";
				PRODUCT_NAME = "$(TARGET_NAME)";
				SWIFT_VERSION = 3.0;
			};
			name = Release;
		};
/* End XCBuildConfiguration section */

/* Begin XCConfigurationList section */
		08A5351E1DF192DB005BF270 /* Build configuration list for PBXProject "Social Network" */ = {
			isa = XCConfigurationList;
			buildConfigurations = (
				08A535331DF192DB005BF270 /* Debug */,
				08A535341DF192DB005BF270 /* Release */,
			);
			defaultConfigurationIsVisible = 0;
			defaultConfigurationName = Release;
		};
		08A535351DF192DB005BF270 /* Build configuration list for PBXNativeTarget "Social Network" */ = {
			isa = XCConfigurationList;
			buildConfigurations = (
				08A535361DF192DB005BF270 /* Debug */,
				08A535371DF192DB005BF270 /* Release */,
			);
			defaultConfigurationIsVisible = 0;
			defaultConfigurationName = Release;
		};
/* End XCConfigurationList section */
	};
	rootObject = 08A5351B1DF192DB005BF270 /* Project object */;
}
